// !$*UTF8*$!
{
	archiveVersion = 1;
	classes = {
	};
	objectVersion = 56;
	objects = {

/* Begin PBXBuildFile section */
		DEB414BA2BF984E100DEF655 /* ARDemoSampleApp.swift in Sources */ = {isa = PBXBuildFile; fileRef = DEB414B92BF984E100DEF655 /* ARDemoSampleApp.swift */; };
		DEB414BC2BF984E100DEF655 /* ContentView.swift in Sources */ = {isa = PBXBuildFile; fileRef = DEB414BB2BF984E100DEF655 /* ContentView.swift */; };
		DEB414BE2BF984E300DEF655 /* Assets.xcassets in Resources */ = {isa = PBXBuildFile; fileRef = DEB414BD2BF984E300DEF655 /* Assets.xcassets */; };
		DEB414C12BF984E300DEF655 /* Preview Assets.xcassets in Resources */ = {isa = PBXBuildFile; fileRef = DEB414C02BF984E300DEF655 /* Preview Assets.xcassets */; };
		DEB414D22BF990DF00DEF655 /* pancakes.scn in Resources */ = {isa = PBXBuildFile; fileRef = DEB414D12BF990DF00DEF655 /* pancakes.scn */; };
		DEB414D42BF999CF00DEF655 /* DetailView.swift in Sources */ = {isa = PBXBuildFile; fileRef = DEB414D32BF999CF00DEF655 /* DetailView.swift */; };
		DEB414D82BF9A0E100DEF655 /* CustomSceneView.swift in Sources */ = {isa = PBXBuildFile; fileRef = DEB414D72BF9A0E100DEF655 /* CustomSceneView.swift */; };
		DEB414DE2BF9C06A00DEF655 /* sandwitch.scn in Resources */ = {isa = PBXBuildFile; fileRef = DEB414DD2BF9C06A00DEF655 /* sandwitch.scn */; };
		DEB414E22BF9C09200DEF655 /* sushi.scn in Resources */ = {isa = PBXBuildFile; fileRef = DEB414E12BF9C09200DEF655 /* sushi.scn */; };
		DEB414EC2BF9E10E00DEF655 /* gyoza.scn in Resources */ = {isa = PBXBuildFile; fileRef = DEB414EB2BF9E10E00DEF655 /* gyoza.scn */; };
		DEB414F42BF9E31C00DEF655 /* thai.scn in Resources */ = {isa = PBXBuildFile; fileRef = DEB414F32BF9E31C00DEF655 /* thai.scn */; };
		DEB414F82BF9E3BF00DEF655 /* pizza.scn in Resources */ = {isa = PBXBuildFile; fileRef = DEB414F72BF9E3BF00DEF655 /* pizza.scn */; };
		DEB414FC2BF9E8CB00DEF655 /* burger.scn in Resources */ = {isa = PBXBuildFile; fileRef = DEB414FB2BF9E8CB00DEF655 /* burger.scn */; };
/* End PBXBuildFile section */

/* Begin PBXFileReference section */
		DEB414B62BF984E100DEF655 /* ARDemoSample.app */ = {isa = PBXFileReference; explicitFileType = wrapper.application; includeInIndex = 0; path = ARDemoSample.app; sourceTree = BUILT_PRODUCTS_DIR; };
		DEB414B92BF984E100DEF655 /* ARDemoSampleApp.swift */ = {isa = PBXFileReference; lastKnownFileType = sourcecode.swift; path = ARDemoSampleApp.swift; sourceTree = "<group>"; };
		DEB414BB2BF984E100DEF655 /* ContentView.swift */ = {isa = PBXFileReference; lastKnownFileType = sourcecode.swift; path = ContentView.swift; sourceTree = "<group>"; };
		DEB414BD2BF984E300DEF655 /* Assets.xcassets */ = {isa = PBXFileReference; lastKnownFileType = folder.assetcatalog; path = Assets.xcassets; sourceTree = "<group>"; };
		DEB414C02BF984E300DEF655 /* Preview Assets.xcassets */ = {isa = PBXFileReference; lastKnownFileType = folder.assetcatalog; path = "Preview Assets.xcassets"; sourceTree = "<group>"; };
		DEB414D12BF990DF00DEF655 /* pancakes.scn */ = {isa = PBXFileReference; lastKnownFileType = file.bplist; path = pancakes.scn; sourceTree = "<group>"; };
		DEB414D32BF999CF00DEF655 /* DetailView.swift */ = {isa = PBXFileReference; lastKnownFileType = sourcecode.swift; path = DetailView.swift; sourceTree = "<group>"; };
		DEB414D72BF9A0E100DEF655 /* CustomSceneView.swift */ = {isa = PBXFileReference; lastKnownFileType = sourcecode.swift; path = CustomSceneView.swift; sourceTree = "<group>"; };
		DEB414DD2BF9C06A00DEF655 /* sandwitch.scn */ = {isa = PBXFileReference; lastKnownFileType = file.bplist; path = sandwitch.scn; sourceTree = "<group>"; };
		DEB414E12BF9C09200DEF655 /* sushi.scn */ = {isa = PBXFileReference; lastKnownFileType = file.bplist; path = sushi.scn; sourceTree = "<group>"; };
		DEB414EB2BF9E10E00DEF655 /* gyoza.scn */ = {isa = PBXFileReference; lastKnownFileType = file.bplist; path = gyoza.scn; sourceTree = "<group>"; };
		DEB414F32BF9E31C00DEF655 /* thai.scn */ = {isa = PBXFileReference; lastKnownFileType = file.bplist; path = thai.scn; sourceTree = "<group>"; };
		DEB414F72BF9E3BF00DEF655 /* pizza.scn */ = {isa = PBXFileReference; lastKnownFileType = file.bplist; path = pizza.scn; sourceTree = "<group>"; };
		DEB414FB2BF9E8CB00DEF655 /* burger.scn */ = {isa = PBXFileReference; lastKnownFileType = file.bplist; path = burger.scn; sourceTree = "<group>"; };
/* End PBXFileReference section */

/* Begin PBXFrameworksBuildPhase section */
		DEB414B32BF984E100DEF655 /* Frameworks */ = {
			isa = PBXFrameworksBuildPhase;
			buildActionMask = 2147483647;
			files = (
			);
			runOnlyForDeploymentPostprocessing = 0;
		};
/* End PBXFrameworksBuildPhase section */

/* Begin PBXGroup section */
		DEB414AD2BF984E100DEF655 = {
			isa = PBXGroup;
			children = (
				DEB414B82BF984E100DEF655 /* ARDemoSample */,
				DEB414B72BF984E100DEF655 /* Products */,
			);
			sourceTree = "<group>";
		};
		DEB414B72BF984E100DEF655 /* Products */ = {
			isa = PBXGroup;
			children = (
				DEB414B62BF984E100DEF655 /* ARDemoSample.app */,
			);
			name = Products;
			sourceTree = "<group>";
		};
		DEB414B82BF984E100DEF655 /* ARDemoSample */ = {
			isa = PBXGroup;
			children = (
				DEB414D62BF9A0C700DEF655 /* Useful */,
				DEB414D52BF9A0B600DEF655 /* SceneObject */,
				DEB414B92BF984E100DEF655 /* ARDemoSampleApp.swift */,
				DEB414BB2BF984E100DEF655 /* ContentView.swift */,
				DEB414D32BF999CF00DEF655 /* DetailView.swift */,
				DEB414BD2BF984E300DEF655 /* Assets.xcassets */,
				DEB414BF2BF984E300DEF655 /* Preview Content */,
			);
			path = ARDemoSample;
			sourceTree = "<group>";
		};
		DEB414BF2BF984E300DEF655 /* Preview Content */ = {
			isa = PBXGroup;
			children = (
				DEB414C02BF984E300DEF655 /* Preview Assets.xcassets */,
			);
			path = "Preview Content";
			sourceTree = "<group>";
		};
		DEB414D52BF9A0B600DEF655 /* SceneObject */ = {
			isa = PBXGroup;
			children = (
				DEB414FB2BF9E8CB00DEF655 /* burger.scn */,
				DEB414F72BF9E3BF00DEF655 /* pizza.scn */,
				DEB414F32BF9E31C00DEF655 /* thai.scn */,
				DEB414EB2BF9E10E00DEF655 /* gyoza.scn */,
				DEB414E12BF9C09200DEF655 /* sushi.scn */,
				DEB414DD2BF9C06A00DEF655 /* sandwitch.scn */,
				DEB414D12BF990DF00DEF655 /* pancakes.scn */,
			);
			path = SceneObject;
			sourceTree = "<group>";
		};
		DEB414D62BF9A0C700DEF655 /* Useful */ = {
			isa = PBXGroup;
			children = (
				DEB414D72BF9A0E100DEF655 /* CustomSceneView.swift */,
			);
			path = Useful;
			sourceTree = "<group>";
		};
/* End PBXGroup section */

/* Begin PBXNativeTarget section */
		DEB414B52BF984E100DEF655 /* ARDemoSample */ = {
			isa = PBXNativeTarget;
			buildConfigurationList = DEB414C42BF984E300DEF655 /* Build configuration list for PBXNativeTarget "ARDemoSample" */;
			buildPhases = (
				DEB414B22BF984E100DEF655 /* Sources */,
				DEB414B32BF984E100DEF655 /* Frameworks */,
				DEB414B42BF984E100DEF655 /* Resources */,
			);
			buildRules = (
			);
			dependencies = (
			);
			name = ARDemoSample;
			productName = ARDemoSample;
			productReference = DEB414B62BF984E100DEF655 /* ARDemoSample.app */;
			productType = "com.apple.product-type.application";
		};
/* End PBXNativeTarget section */

/* Begin PBXProject section */
		DEB414AE2BF984E100DEF655 /* Project object */ = {
			isa = PBXProject;
			attributes = {
				BuildIndependentTargetsInParallel = 1;
				LastSwiftUpdateCheck = 1530;
				LastUpgradeCheck = 1530;
				TargetAttributes = {
					DEB414B52BF984E100DEF655 = {
						CreatedOnToolsVersion = 15.3;
					};
				};
			};
			buildConfigurationList = DEB414B12BF984E100DEF655 /* Build configuration list for PBXProject "ARDemoSample" */;
			compatibilityVersion = "Xcode 14.0";
			developmentRegion = en;
			hasScannedForEncodings = 0;
			knownRegions = (
				en,
				Base,
			);
			mainGroup = DEB414AD2BF984E100DEF655;
			productRefGroup = DEB414B72BF984E100DEF655 /* Products */;
			projectDirPath = "";
			projectRoot = "";
			targets = (
				DEB414B52BF984E100DEF655 /* ARDemoSample */,
			);
		};
/* End PBXProject section */

/* Begin PBXResourcesBuildPhase section */
		DEB414B42BF984E100DEF655 /* Resources */ = {
			isa = PBXResourcesBuildPhase;
			buildActionMask = 2147483647;
			files = (
				DEB414F82BF9E3BF00DEF655 /* pizza.scn in Resources */,
				DEB414D22BF990DF00DEF655 /* pancakes.scn in Resources */,
				DEB414E22BF9C09200DEF655 /* sushi.scn in Resources */,
				DEB414C12BF984E300DEF655 /* Preview Assets.xcassets in Resources */,
				DEB414FC2BF9E8CB00DEF655 /* burger.scn in Resources */,
				DEB414BE2BF984E300DEF655 /* Assets.xcassets in Resources */,
				DEB414F42BF9E31C00DEF655 /* thai.scn in Resources */,
				DEB414EC2BF9E10E00DEF655 /* gyoza.scn in Resources */,
				DEB414DE2BF9C06A00DEF655 /* sandwitch.scn in Resources */,
			);
			runOnlyForDeploymentPostprocessing = 0;
		};
/* End PBXResourcesBuildPhase section */

/* Begin PBXSourcesBuildPhase section */
		DEB414B22BF984E100DEF655 /* Sources */ = {
			isa = PBXSourcesBuildPhase;
			buildActionMask = 2147483647;
			files = (
				DEB414D82BF9A0E100DEF655 /* CustomSceneView.swift in Sources */,
				DEB414BC2BF984E100DEF655 /* ContentView.swift in Sources */,
				DEB414D42BF999CF00DEF655 /* DetailView.swift in Sources */,
				DEB414BA2BF984E100DEF655 /* ARDemoSampleApp.swift in Sources */,
			);
			runOnlyForDeploymentPostprocessing = 0;
		};
/* End PBXSourcesBuildPhase section */

/* Begin XCBuildConfiguration section */
		DEB414C22BF984E300DEF655 /* Debug */ = {
			isa = XCBuildConfiguration;
			buildSettings = {
				ALWAYS_SEARCH_USER_PATHS = NO;
				ASSETCATALOG_COMPILER_GENERATE_SWIFT_ASSET_SYMBOL_EXTENSIONS = YES;
				CLANG_ANALYZER_NONNULL = YES;
				CLANG_ANALYZER_NUMBER_OBJECT_CONVERSION = YES_AGGRESSIVE;
				CLANG_CXX_LANGUAGE_STANDARD = "gnu++20";
				CLANG_ENABLE_MODULES = YES;
				CLANG_ENABLE_OBJC_ARC = YES;
				CLANG_ENABLE_OBJC_WEAK = YES;
				CLANG_WARN_BLOCK_CAPTURE_AUTORELEASING = YES;
				CLANG_WARN_BOOL_CONVERSION = YES;
				CLANG_WARN_COMMA = YES;
				CLANG_WARN_CONSTANT_CONVERSION = YES;
				CLANG_WARN_DEPRECATED_OBJC_IMPLEMENTATIONS = YES;
				CLANG_WARN_DIRECT_OBJC_ISA_USAGE = YES_ERROR;
				CLANG_WARN_DOCUMENTATION_COMMENTS = YES;
				CLANG_WARN_EMPTY_BODY = YES;
				CLANG_WARN_ENUM_CONVERSION = YES;
				CLANG_WARN_INFINITE_RECURSION = YES;
				CLANG_WARN_INT_CONVERSION = YES;
				CLANG_WARN_NON_LITERAL_NULL_CONVERSION = YES;
				CLANG_WARN_OBJC_IMPLICIT_RETAIN_SELF = YES;
				CLANG_WARN_OBJC_LITERAL_CONVERSION = YES;
				CLANG_WARN_OBJC_ROOT_CLASS = YES_ERROR;
				CLANG_WARN_QUOTED_INCLUDE_IN_FRAMEWORK_HEADER = YES;
				CLANG_WARN_RANGE_LOOP_ANALYSIS = YES;
				CLANG_WARN_STRICT_PROTOTYPES = YES;
				CLANG_WARN_SUSPICIOUS_MOVE = YES;
				CLANG_WARN_UNGUARDED_AVAILABILITY = YES_AGGRESSIVE;
				CLANG_WARN_UNREACHABLE_CODE = YES;
				CLANG_WARN__DUPLICATE_METHOD_MATCH = YES;
				COPY_PHASE_STRIP = NO;
				DEBUG_INFORMATION_FORMAT = dwarf;
				ENABLE_STRICT_OBJC_MSGSEND = YES;
				ENABLE_TESTABILITY = YES;
				ENABLE_USER_SCRIPT_SANDBOXING = YES;
				GCC_C_LANGUAGE_STANDARD = gnu17;
				GCC_DYNAMIC_NO_PIC = NO;
				GCC_NO_COMMON_BLOCKS = YES;
				GCC_OPTIMIZATION_LEVEL = 0;
				GCC_PREPROCESSOR_DEFINITIONS = (
					"DEBUG=1",
					"$(inherited)",
				);
				GCC_WARN_64_TO_32_BIT_CONVERSION = YES;
				GCC_WARN_ABOUT_RETURN_TYPE = YES_ERROR;
				GCC_WARN_UNDECLARED_SELECTOR = YES;
				GCC_WARN_UNINITIALIZED_AUTOS = YES_AGGRESSIVE;
				GCC_WARN_UNUSED_FUNCTION = YES;
				GCC_WARN_UNUSED_VARIABLE = YES;
				IPHONEOS_DEPLOYMENT_TARGET = 17.4;
				LOCALIZATION_PREFERS_STRING_CATALOGS = YES;
				MTL_ENABLE_DEBUG_INFO = INCLUDE_SOURCE;
				MTL_FAST_MATH = YES;
				ONLY_ACTIVE_ARCH = YES;
				SDKROOT = iphoneos;
				SWIFT_ACTIVE_COMPILATION_CONDITIONS = "DEBUG $(inherited)";
				SWIFT_OPTIMIZATION_LEVEL = "-Onone";
			};
			name = Debug;
		};
		DEB414C32BF984E300DEF655 /* Release */ = {
			isa = XCBuildConfiguration;
			buildSettings = {
				ALWAYS_SEARCH_USER_PATHS = NO;
				ASSETCATALOG_COMPILER_GENERATE_SWIFT_ASSET_SYMBOL_EXTENSIONS = YES;
				CLANG_ANALYZER_NONNULL = YES;
				CLANG_ANALYZER_NUMBER_OBJECT_CONVERSION = YES_AGGRESSIVE;
				CLANG_CXX_LANGUAGE_STANDARD = "gnu++20";
				CLANG_ENABLE_MODULES = YES;
				CLANG_ENABLE_OBJC_ARC = YES;
				CLANG_ENABLE_OBJC_WEAK = YES;
				CLANG_WARN_BLOCK_CAPTURE_AUTORELEASING = YES;
				CLANG_WARN_BOOL_CONVERSION = YES;
				CLANG_WARN_COMMA = YES;
				CLANG_WARN_CONSTANT_CONVERSION = YES;
				CLANG_WARN_DEPRECATED_OBJC_IMPLEMENTATIONS = YES;
				CLANG_WARN_DIRECT_OBJC_ISA_USAGE = YES_ERROR;
				CLANG_WARN_DOCUMENTATION_COMMENTS = YES;
				CLANG_WARN_EMPTY_BODY = YES;
				CLANG_WARN_ENUM_CONVERSION = YES;
				CLANG_WARN_INFINITE_RECURSION = YES;
				CLANG_WARN_INT_CONVERSION = YES;
				CLANG_WARN_NON_LITERAL_NULL_CONVERSION = YES;
				CLANG_WARN_OBJC_IMPLICIT_RETAIN_SELF = YES;
				CLANG_WARN_OBJC_LITERAL_CONVERSION = YES;
				CLANG_WARN_OBJC_ROOT_CLASS = YES_ERROR;
				CLANG_WARN_QUOTED_INCLUDE_IN_FRAMEWORK_HEADER = YES;
				CLANG_WARN_RANGE_LOOP_ANALYSIS = YES;
				CLANG_WARN_STRICT_PROTOTYPES = YES;
				CLANG_WARN_SUSPICIOUS_MOVE = YES;
				CLANG_WARN_UNGUARDED_AVAILABILITY = YES_AGGRESSIVE;
				CLANG_WARN_UNREACHABLE_CODE = YES;
				CLANG_WARN__DUPLICATE_METHOD_MATCH = YES;
				COPY_PHASE_STRIP = NO;
				DEBUG_INFORMATION_FORMAT = "dwarf-with-dsym";
				ENABLE_NS_ASSERTIONS = NO;
				ENABLE_STRICT_OBJC_MSGSEND = YES;
				ENABLE_USER_SCRIPT_SANDBOXING = YES;
				GCC_C_LANGUAGE_STANDARD = gnu17;
				GCC_NO_COMMON_BLOCKS = YES;
				GCC_WARN_64_TO_32_BIT_CONVERSION = YES;
				GCC_WARN_ABOUT_RETURN_TYPE = YES_ERROR;
				GCC_WARN_UNDECLARED_SELECTOR = YES;
				GCC_WARN_UNINITIALIZED_AUTOS = YES_AGGRESSIVE;
				GCC_WARN_UNUSED_FUNCTION = YES;
				GCC_WARN_UNUSED_VARIABLE = YES;
				IPHONEOS_DEPLOYMENT_TARGET = 17.4;
				LOCALIZATION_PREFERS_STRING_CATALOGS = YES;
				MTL_ENABLE_DEBUG_INFO = NO;
				MTL_FAST_MATH = YES;
				SDKROOT = iphoneos;
				SWIFT_COMPILATION_MODE = wholemodule;
				VALIDATE_PRODUCT = YES;
			};
			name = Release;
		};
		DEB414C52BF984E300DEF655 /* Debug */ = {
			isa = XCBuildConfiguration;
			buildSettings = {
				ASSETCATALOG_COMPILER_APPICON_NAME = AppIcon;
				ASSETCATALOG_COMPILER_GLOBAL_ACCENT_COLOR_NAME = AccentColor;
				CODE_SIGN_STYLE = Automatic;
				CURRENT_PROJECT_VERSION = 1;
				DEVELOPMENT_ASSET_PATHS = "\"ARDemoSample/Preview Content\"";
				DEVELOPMENT_TEAM = S5BF5553KY;
				ENABLE_PREVIEWS = YES;
				GENERATE_INFOPLIST_FILE = YES;
				INFOPLIST_KEY_UIApplicationSceneManifest_Generation = YES;
				INFOPLIST_KEY_UIApplicationSupportsIndirectInputEvents = YES;
				INFOPLIST_KEY_UILaunchScreen_Generation = YES;
				INFOPLIST_KEY_UISupportedInterfaceOrientations_iPad = "UIInterfaceOrientationPortrait UIInterfaceOrientationPortraitUpsideDown UIInterfaceOrientationLandscapeLeft UIInterfaceOrientationLandscapeRight";
				INFOPLIST_KEY_UISupportedInterfaceOrientations_iPhone = "UIInterfaceOrientationPortrait UIInterfaceOrientationLandscapeLeft UIInterfaceOrientationLandscapeRight";
				LD_RUNPATH_SEARCH_PATHS = (
					"$(inherited)",
					"@executable_path/Frameworks",
				);
				MARKETING_VERSION = 1.0;
				PRODUCT_BUNDLE_IDENTIFIER = net.just1factory.ARDemoSample;
				PRODUCT_NAME = "$(TARGET_NAME)";
				SWIFT_EMIT_LOC_STRINGS = YES;
				SWIFT_VERSION = 5.0;
				TARGETED_DEVICE_FAMILY = "1,2";
			};
			name = Debug;
		};
		DEB414C62BF984E300DEF655 /* Release */ = {
			isa = XCBuildConfiguration;
			buildSettings = {
				ASSETCATALOG_COMPILER_APPICON_NAME = AppIcon;
				ASSETCATALOG_COMPILER_GLOBAL_ACCENT_COLOR_NAME = AccentColor;
				CODE_SIGN_STYLE = Automatic;
				CURRENT_PROJECT_VERSION = 1;
				DEVELOPMENT_ASSET_PATHS = "\"ARDemoSample/Preview Content\"";
				DEVELOPMENT_TEAM = S5BF5553KY;
				ENABLE_PREVIEWS = YES;
				GENERATE_INFOPLIST_FILE = YES;
				INFOPLIST_KEY_UIApplicationSceneManifest_Generation = YES;
				INFOPLIST_KEY_UIApplicationSupportsIndirectInputEvents = YES;
				INFOPLIST_KEY_UILaunchScreen_Generation = YES;
				INFOPLIST_KEY_UISupportedInterfaceOrientations_iPad = "UIInterfaceOrientationPortrait UIInterfaceOrientationPortraitUpsideDown UIInterfaceOrientationLandscapeLeft UIInterfaceOrientationLandscapeRight";
				INFOPLIST_KEY_UISupportedInterfaceOrientations_iPhone = "UIInterfaceOrientationPortrait UIInterfaceOrientationLandscapeLeft UIInterfaceOrientationLandscapeRight";
				LD_RUNPATH_SEARCH_PATHS = (
					"$(inherited)",
					"@executable_path/Frameworks",
				);
				MARKETING_VERSION = 1.0;
				PRODUCT_BUNDLE_IDENTIFIER = net.just1factory.ARDemoSample;
				PRODUCT_NAME = "$(TARGET_NAME)";
				SWIFT_EMIT_LOC_STRINGS = YES;
				SWIFT_VERSION = 5.0;
				TARGETED_DEVICE_FAMILY = "1,2";
			};
			name = Release;
		};
/* End XCBuildConfiguration section */

/* Begin XCConfigurationList section */
		DEB414B12BF984E100DEF655 /* Build configuration list for PBXProject "ARDemoSample" */ = {
			isa = XCConfigurationList;
			buildConfigurations = (
				DEB414C22BF984E300DEF655 /* Debug */,
				DEB414C32BF984E300DEF655 /* Release */,
			);
			defaultConfigurationIsVisible = 0;
			defaultConfigurationName = Release;
		};
		DEB414C42BF984E300DEF655 /* Build configuration list for PBXNativeTarget "ARDemoSample" */ = {
			isa = XCConfigurationList;
			buildConfigurations = (
				DEB414C52BF984E300DEF655 /* Debug */,
				DEB414C62BF984E300DEF655 /* Release */,
			);
			defaultConfigurationIsVisible = 0;
			defaultConfigurationName = Release;
		};
/* End XCConfigurationList section */
	};
	rootObject = DEB414AE2BF984E100DEF655 /* Project object */;
}
